
Microsoft Visual Studio Solution File, Format Version 12.00
# Visual Studio Version 17
VisualStudioVersion = 17.4.33205.214
MinimumVisualStudioVersion = 10.0.40219.1
Project("{FAE04EC0-301F-11D3-BF4B-00C04F79EFBC}") = "PasswordLibraryy", "PasswordLibraryy\PasswordLibraryy.csproj", "{F833675E-4D42-4D78-A981-876B4FA1935C}"
EndProject
Project("{FAE04EC0-301F-11D3-BF4B-00C04F79EFBC}") = "PasswordLibraryyTests", "PasswordLibraryyTests\PasswordLibraryyTests.csproj", "{2F4BCE28-8012-4C22-9547-44C861D6AF05}"
EndProject
Global
	GlobalSection(SolutionConfigurationPlatforms) = preSolution
		Debug|Any CPU = Debug|Any CPU
		Release|Any CPU = Release|Any CPU
	EndGlobalSection
	GlobalSection(ProjectConfigurationPlatforms) = postSolution
		{F833675E-4D42-4D78-A981-876B4FA1935C}.Debug|Any CPU.ActiveCfg = Debug|Any CPU
		{F833675E-4D42-4D78-A981-876B4FA1935C}.Debug|Any CPU.Build.0 = Debug|Any CPU
		{F833675E-4D42-4D78-A981-876B4FA1935C}.Release|Any CPU.ActiveCfg = Release|Any CPU
		{F833675E-4D42-4D78-A981-876B4FA1935C}.Release|Any CPU.Build.0 = Release|Any CPU
		{2F4BCE28-8012-4C22-9547-44C861D6AF05}.Debug|Any CPU.ActiveCfg = Debug|Any CPU
		{2F4BCE28-8012-4C22-9547-44C861D6AF05}.Debug|Any CPU.Build.0 = Debug|Any CPU
		{2F4BCE28-8012-4C22-9547-44C861D6AF05}.Release|Any CPU.ActiveCfg = Release|Any CPU
		{2F4BCE28-8012-4C22-9547-44C861D6AF05}.Release|Any CPU.Build.0 = Release|Any CPU
	EndGlobalSection
	GlobalSection(SolutionProperties) = preSolution
		HideSolutionNode = FALSE
	EndGlobalSection
	GlobalSection(ExtensibilityGlobals) = postSolution
		SolutionGuid = {83B6A4F8-A4C2-467A-A8D3-D4A355BFCA85}
	EndGlobalSection
EndGlobal
